github.com/logrusorgru/aurora v2.0.3+incompatible h1:tOpm7WcpBTn4fjmVfgpQq0EfczGlG91VSDkswnjF5A8=
github.com/logrusorgru/aurora v2.0.3+incompatible/go.mod h1:7rIyQOR62GCctdiQpZ/zOJlFyk6y+94wXzv6RNZgaR4=
maze.io/x/duration v0.0.0-20160924141736-faac084b6075 h1:4zVed9rL46683x3koxOYLzh8FlLFjnRrzTo2uvgA5D4=
maze.io/x/duration v0.0.0-20160924141736-faac084b6075/go.mod h1:1kfR2ph3CIvtfIQ8D8JhmAgePmnAUnR+AWYWUBo+l08=
